
Microsoft Visual Studio Solution File, Format Version 12.00
# Visual Studio Version 17
VisualStudioVersion = 17.9.34723.18
MinimumVisualStudioVersion = 10.0.40219.1
Project("{FAE04EC0-301F-11D3-BF4B-00C04F79EFBC}") = "InternationalAPI", "InternationalAPI\InternationalAPI.csproj", "{D02F2030-4A21-4A26-A36A-5EF6E021D98D}"
EndProject
Global
	GlobalSection(SolutionConfigurationPlatforms) = preSolution
		Debug|Any CPU = Debug|Any CPU
		Release|Any CPU = Release|Any CPU
	EndGlobalSection
	GlobalSection(ProjectConfigurationPlatforms) = postSolution
		{D02F2030-4A21-4A26-A36A-5EF6E021D98D}.Debug|Any CPU.ActiveCfg = Debug|Any CPU
		{D02F2030-4A21-4A26-A36A-5EF6E021D98D}.Debug|Any CPU.Build.0 = Debug|Any CPU
		{D02F2030-4A21-4A26-A36A-5EF6E021D98D}.Release|Any CPU.ActiveCfg = Release|Any CPU
		{D02F2030-4A21-4A26-A36A-5EF6E021D98D}.Release|Any CPU.Build.0 = Release|Any CPU
	EndGlobalSection
	GlobalSection(SolutionProperties) = preSolution
		HideSolutionNode = FALSE
	EndGlobalSection
	GlobalSection(ExtensibilityGlobals) = postSolution
		SolutionGuid = {74A66B2F-331B-453B-8444-3394834120B5}
	EndGlobalSection
EndGlobal
