
Microsoft Visual Studio Solution File, Format Version 12.00
# Visual Studio Version 17
VisualStudioVersion = 17.8.34511.84
MinimumVisualStudioVersion = 10.0.40219.1
Project("{FAE04EC0-301F-11D3-BF4B-00C04F79EFBC}") = "UniversityApiBackend", "UniversityApiBackend\UniversityApiBackend.csproj", "{6F00AF30-AB08-4372-97A4-749862A5C628}"
EndProject
Global
	GlobalSection(SolutionConfigurationPlatforms) = preSolution
		Debug|Any CPU = Debug|Any CPU
		Release|Any CPU = Release|Any CPU
	EndGlobalSection
	GlobalSection(ProjectConfigurationPlatforms) = postSolution
		{6F00AF30-AB08-4372-97A4-749862A5C628}.Debug|Any CPU.ActiveCfg = Debug|Any CPU
		{6F00AF30-AB08-4372-97A4-749862A5C628}.Debug|Any CPU.Build.0 = Debug|Any CPU
		{6F00AF30-AB08-4372-97A4-749862A5C628}.Release|Any CPU.ActiveCfg = Release|Any CPU
		{6F00AF30-AB08-4372-97A4-749862A5C628}.Release|Any CPU.Build.0 = Release|Any CPU
	EndGlobalSection
	GlobalSection(SolutionProperties) = preSolution
		HideSolutionNode = FALSE
	EndGlobalSection
	GlobalSection(ExtensibilityGlobals) = postSolution
		SolutionGuid = {780849A6-1E3F-4618-A3CA-9FD05FBF3531}
	EndGlobalSection
EndGlobal
